
Microsoft Visual Studio Solution File, Format Version 12.00
# Visual Studio Version 17
VisualStudioVersion = 17.8.34330.188
MinimumVisualStudioVersion = 10.0.40219.1
Project("{9A19103F-16F7-4668-BE54-9A1E7A4F7556}") = "Singleton_Pattern", "Singleton_Pattern\Singleton_Pattern.csproj", "{BD3CCA9C-9F56-4D60-8F03-915EBB69BBE2}"
EndProject
Project("{9A19103F-16F7-4668-BE54-9A1E7A4F7556}") = "PayrollSystem", "PayrollSystem\PayrollSystem.csproj", "{956E906B-553F-4EB0-B724-C2C3EB20CA7B}"
EndProject
Project("{9A19103F-16F7-4668-BE54-9A1E7A4F7556}") = "Adapter_Pattern", "Adapter_Pattern\Adapter_Pattern.csproj", "{01A79951-C2EF-491A-8DD4-F0860A93570B}"
EndProject
Project("{9A19103F-16F7-4668-BE54-9A1E7A4F7556}") = "Strategy_Pattern", "Strategy_Pattern\Strategy_Pattern.csproj", "{72A2AF60-2E78-48BC-B918-BB8821FC6D37}"
EndProject
Project("{2150E333-8FDC-42A3-9474-1A3956D46DE8}") = "Solution Items", "Solution Items", "{582EC0B0-6065-4BDF-989C-1B178B4611F8}"
	ProjectSection(SolutionItems) = preProject
		.editorconfig = .editorconfig
	EndProjectSection
EndProject
Project("{9A19103F-16F7-4668-BE54-9A1E7A4F7556}") = "Decorator_Pattern", "Decorator_Pattern\Decorator_Pattern.csproj", "{6988B2BD-D79C-4D52-95D7-D43BD02E007C}"
EndProject
Project("{FAE04EC0-301F-11D3-BF4B-00C04F79EFBC}") = "Facade_Pattern", "Facade_Pattern\Facade_Pattern.csproj", "{B4D513D8-B569-49E4-B7B8-60BAF15F7DB0}"
EndProject
Global
	GlobalSection(SolutionConfigurationPlatforms) = preSolution
		Debug|Any CPU = Debug|Any CPU
		Release|Any CPU = Release|Any CPU
	EndGlobalSection
	GlobalSection(ProjectConfigurationPlatforms) = postSolution
		{BD3CCA9C-9F56-4D60-8F03-915EBB69BBE2}.Debug|Any CPU.ActiveCfg = Debug|Any CPU
		{BD3CCA9C-9F56-4D60-8F03-915EBB69BBE2}.Debug|Any CPU.Build.0 = Debug|Any CPU
		{BD3CCA9C-9F56-4D60-8F03-915EBB69BBE2}.Release|Any CPU.ActiveCfg = Release|Any CPU
		{BD3CCA9C-9F56-4D60-8F03-915EBB69BBE2}.Release|Any CPU.Build.0 = Release|Any CPU
		{956E906B-553F-4EB0-B724-C2C3EB20CA7B}.Debug|Any CPU.ActiveCfg = Debug|Any CPU
		{956E906B-553F-4EB0-B724-C2C3EB20CA7B}.Debug|Any CPU.Build.0 = Debug|Any CPU
		{956E906B-553F-4EB0-B724-C2C3EB20CA7B}.Release|Any CPU.ActiveCfg = Release|Any CPU
		{956E906B-553F-4EB0-B724-C2C3EB20CA7B}.Release|Any CPU.Build.0 = Release|Any CPU
		{01A79951-C2EF-491A-8DD4-F0860A93570B}.Debug|Any CPU.ActiveCfg = Debug|Any CPU
		{01A79951-C2EF-491A-8DD4-F0860A93570B}.Debug|Any CPU.Build.0 = Debug|Any CPU
		{01A79951-C2EF-491A-8DD4-F0860A93570B}.Release|Any CPU.ActiveCfg = Release|Any CPU
		{01A79951-C2EF-491A-8DD4-F0860A93570B}.Release|Any CPU.Build.0 = Release|Any CPU
		{72A2AF60-2E78-48BC-B918-BB8821FC6D37}.Debug|Any CPU.ActiveCfg = Debug|Any CPU
		{72A2AF60-2E78-48BC-B918-BB8821FC6D37}.Debug|Any CPU.Build.0 = Debug|Any CPU
		{72A2AF60-2E78-48BC-B918-BB8821FC6D37}.Release|Any CPU.ActiveCfg = Release|Any CPU
		{72A2AF60-2E78-48BC-B918-BB8821FC6D37}.Release|Any CPU.Build.0 = Release|Any CPU
		{6988B2BD-D79C-4D52-95D7-D43BD02E007C}.Debug|Any CPU.ActiveCfg = Debug|Any CPU
		{6988B2BD-D79C-4D52-95D7-D43BD02E007C}.Debug|Any CPU.Build.0 = Debug|Any CPU
		{6988B2BD-D79C-4D52-95D7-D43BD02E007C}.Release|Any CPU.ActiveCfg = Release|Any CPU
		{6988B2BD-D79C-4D52-95D7-D43BD02E007C}.Release|Any CPU.Build.0 = Release|Any CPU
		{B4D513D8-B569-49E4-B7B8-60BAF15F7DB0}.Debug|Any CPU.ActiveCfg = Debug|Any CPU
		{B4D513D8-B569-49E4-B7B8-60BAF15F7DB0}.Debug|Any CPU.Build.0 = Debug|Any CPU
		{B4D513D8-B569-49E4-B7B8-60BAF15F7DB0}.Release|Any CPU.ActiveCfg = Release|Any CPU
		{B4D513D8-B569-49E4-B7B8-60BAF15F7DB0}.Release|Any CPU.Build.0 = Release|Any CPU
	EndGlobalSection
	GlobalSection(SolutionProperties) = preSolution
		HideSolutionNode = FALSE
	EndGlobalSection
	GlobalSection(ExtensibilityGlobals) = postSolution
		SolutionGuid = {C04A5DD2-E7AB-4208-9865-1DA58ACD8A03}
	EndGlobalSection
EndGlobal
