
Microsoft Visual Studio Solution File, Format Version 12.00
# Visual Studio Version 17
VisualStudioVersion = 17.8.34330.188
MinimumVisualStudioVersion = 10.0.40219.1
Project("{9A19103F-16F7-4668-BE54-9A1E7A4F7556}") = "Singleton_Pattern", "Singleton_Pattern\Singleton_Pattern.csproj", "{BD3CCA9C-9F56-4D60-8F03-915EBB69BBE2}"
EndProject
Project("{FAE04EC0-301F-11D3-BF4B-00C04F79EFBC}") = "PayrollSystem", "PayrollSystem\PayrollSystem.csproj", "{956E906B-553F-4EB0-B724-C2C3EB20CA7B}"
EndProject
Project("{FAE04EC0-301F-11D3-BF4B-00C04F79EFBC}") = "Adapter_Pattern", "Adapter_Pattern\Adapter_Pattern.csproj", "{01A79951-C2EF-491A-8DD4-F0860A93570B}"
EndProject
Global
	GlobalSection(SolutionConfigurationPlatforms) = preSolution
		Debug|Any CPU = Debug|Any CPU
		Release|Any CPU = Release|Any CPU
	EndGlobalSection
	GlobalSection(ProjectConfigurationPlatforms) = postSolution
		{BD3CCA9C-9F56-4D60-8F03-915EBB69BBE2}.Debug|Any CPU.ActiveCfg = Debug|Any CPU
		{BD3CCA9C-9F56-4D60-8F03-915EBB69BBE2}.Debug|Any CPU.Build.0 = Debug|Any CPU
		{BD3CCA9C-9F56-4D60-8F03-915EBB69BBE2}.Release|Any CPU.ActiveCfg = Release|Any CPU
		{BD3CCA9C-9F56-4D60-8F03-915EBB69BBE2}.Release|Any CPU.Build.0 = Release|Any CPU
		{956E906B-553F-4EB0-B724-C2C3EB20CA7B}.Debug|Any CPU.ActiveCfg = Debug|Any CPU
		{956E906B-553F-4EB0-B724-C2C3EB20CA7B}.Debug|Any CPU.Build.0 = Debug|Any CPU
		{956E906B-553F-4EB0-B724-C2C3EB20CA7B}.Release|Any CPU.ActiveCfg = Release|Any CPU
		{956E906B-553F-4EB0-B724-C2C3EB20CA7B}.Release|Any CPU.Build.0 = Release|Any CPU
		{01A79951-C2EF-491A-8DD4-F0860A93570B}.Debug|Any CPU.ActiveCfg = Debug|Any CPU
		{01A79951-C2EF-491A-8DD4-F0860A93570B}.Debug|Any CPU.Build.0 = Debug|Any CPU
		{01A79951-C2EF-491A-8DD4-F0860A93570B}.Release|Any CPU.ActiveCfg = Release|Any CPU
		{01A79951-C2EF-491A-8DD4-F0860A93570B}.Release|Any CPU.Build.0 = Release|Any CPU
	EndGlobalSection
	GlobalSection(SolutionProperties) = preSolution
		HideSolutionNode = FALSE
	EndGlobalSection
	GlobalSection(ExtensibilityGlobals) = postSolution
		SolutionGuid = {C04A5DD2-E7AB-4208-9865-1DA58ACD8A03}
	EndGlobalSection
EndGlobal
